<?xml version="1.0" encoding="utf-8"?>
<Project ToolsVersion="4.0" xmlns="http://schemas.microsoft.com/developer/msbuild/2003">
  <ItemGroup>
    <Filter Include="source">
      <UniqueIdentifier>{4FC737F1-C7A5-4376-A066-2A32D752A2FF}</UniqueIdentifier>
      <Extensions>cpp;c;cc;cxx;c++;cppm;ixx;def;odl;idl;hpj;bat;asm;asmx</Extensions>
    </Filter>
    <Filter Include="source\injector">
      <UniqueIdentifier>{28d81f6b-1b7a-4de3-9717-31057e8f517a}</UniqueIdentifier>
    </Filter>
    <Filter Include="source\global">
      <UniqueIdentifier>{b995766e-8c36-4b2a-be0f-072276019fc9}</UniqueIdentifier>
    </Filter>
  </ItemGroup>
  <ItemGroup>
    <ClCompile Include="main.cpp">
      <Filter>source</Filter>
    </ClCompile>
    <ClCompile Include="injector.cpp">
      <Filter>source\injector</Filter>
    </ClCompile>
  </ItemGroup>
  <ItemGroup>
    <ClInclude Include="injector.h">
      <Filter>source\injector</Filter>
    </ClInclude>
    <ClInclude Include="gdefine.h">
      <Filter>source\global</Filter>
    </ClInclude>
  </ItemGroup>
</Project>